
Microsoft Visual Studio Solution File, Format Version 12.00
# Visual Studio Version 16
VisualStudioVersion = 16.0.31205.134
MinimumVisualStudioVersion = 10.0.40219.1
Project("{FAE04EC0-301F-11D3-BF4B-00C04F79EFBC}") = "Git", "Git\Git.csproj", "{51B4136D-0C7B-42F6-B28A-71ECFC6B87FF}"
EndProject
Global
	GlobalSection(SolutionConfigurationPlatforms) = preSolution
		Debug|Any CPU = Debug|Any CPU
		Release|Any CPU = Release|Any CPU
	EndGlobalSection
	GlobalSection(ProjectConfigurationPlatforms) = postSolution
		{51B4136D-0C7B-42F6-B28A-71ECFC6B87FF}.Debug|Any CPU.ActiveCfg = Debug|Any CPU
		{51B4136D-0C7B-42F6-B28A-71ECFC6B87FF}.Debug|Any CPU.Build.0 = Debug|Any CPU
		{51B4136D-0C7B-42F6-B28A-71ECFC6B87FF}.Release|Any CPU.ActiveCfg = Release|Any CPU
		{51B4136D-0C7B-42F6-B28A-71ECFC6B87FF}.Release|Any CPU.Build.0 = Release|Any CPU
	EndGlobalSection
	GlobalSection(SolutionProperties) = preSolution
		HideSolutionNode = FALSE
	EndGlobalSection
	GlobalSection(ExtensibilityGlobals) = postSolution
		SolutionGuid = {45EE6F3B-2DD6-412D-B5C3-8D39A521301E}
	EndGlobalSection
EndGlobal
